
Microsoft Visual Studio Solution File, Format Version 12.00
# Visual Studio Version 17
VisualStudioVersion = 17.6.33712.159
MinimumVisualStudioVersion = 10.0.40219.1
Project("{FAE04EC0-301F-11D3-BF4B-00C04F79EFBC}") = "HttpLoader", "HttpLoader\HttpLoader.csproj", "{1726FC41-B545-434F-A75D-C31288B98E3C}"
EndProject
Global
	GlobalSection(SolutionConfigurationPlatforms) = preSolution
		Debug|Any CPU = Debug|Any CPU
		Release|Any CPU = Release|Any CPU
	EndGlobalSection
	GlobalSection(ProjectConfigurationPlatforms) = postSolution
		{1726FC41-B545-434F-A75D-C31288B98E3C}.Debug|Any CPU.ActiveCfg = Debug|Any CPU
		{1726FC41-B545-434F-A75D-C31288B98E3C}.Debug|Any CPU.Build.0 = Debug|Any CPU
		{1726FC41-B545-434F-A75D-C31288B98E3C}.Release|Any CPU.ActiveCfg = Release|Any CPU
		{1726FC41-B545-434F-A75D-C31288B98E3C}.Release|Any CPU.Build.0 = Release|Any CPU
	EndGlobalSection
	GlobalSection(SolutionProperties) = preSolution
		HideSolutionNode = FALSE
	EndGlobalSection
	GlobalSection(ExtensibilityGlobals) = postSolution
		SolutionGuid = {72E3544B-3B24-4C6F-904F-9103FA996B59}
	EndGlobalSection
EndGlobal
